// !$*UTF8*$!
{
	archiveVersion = 1;
	classes = {
	};
	objectVersion = 51;
	objects = {

/* Begin PBXBuildFile section */
		640C5BE387373CCF780C7558 /* Pods_PhotoSearchTests.framework in Frameworks */ = {isa = PBXBuildFile; fileRef = 3A276D4EDA933BC38466A3A2 /* Pods_PhotoSearchTests.framework */; };
		7F976BB124F033E600AC923E /* AppDelegate.swift in Sources */ = {isa = PBXBuildFile; fileRef = 7F976BB024F033E600AC923E /* AppDelegate.swift */; };
		7F976BB824F033EA00AC923E /* Assets.xcassets in Resources */ = {isa = PBXBuildFile; fileRef = 7F976BB724F033EA00AC923E /* Assets.xcassets */; };
		7F976BBB24F033EA00AC923E /* LaunchScreen.storyboard in Resources */ = {isa = PBXBuildFile; fileRef = 7F976BB924F033EA00AC923E /* LaunchScreen.storyboard */; };
		7F976BC624F033EB00AC923E /* PhotoSearchTests.swift in Sources */ = {isa = PBXBuildFile; fileRef = 7F976BC524F033EB00AC923E /* PhotoSearchTests.swift */; };
		7FDFF95024F039200086A21C /* InputController.swift in Sources */ = {isa = PBXBuildFile; fileRef = 7FDFF94F24F039200086A21C /* InputController.swift */; };
		7FDFF95424F03CA50086A21C /* TextField.swift in Sources */ = {isa = PBXBuildFile; fileRef = 7FDFF95324F03CA50086A21C /* TextField.swift */; };
		7FDFF95724F03DCF0086A21C /* UIColor+Ext.swift in Sources */ = {isa = PBXBuildFile; fileRef = 7FDFF95624F03DCF0086A21C /* UIColor+Ext.swift */; };
		7FDFF95C24F105310086A21C /* InputViewModel.swift in Sources */ = {isa = PBXBuildFile; fileRef = 7FDFF95B24F105310086A21C /* InputViewModel.swift */; };
		7FDFF95E24F109EF0086A21C /* Button.swift in Sources */ = {isa = PBXBuildFile; fileRef = 7FDFF95D24F109EF0086A21C /* Button.swift */; };
		7FDFF96024F10EA50086A21C /* ResultListController.swift in Sources */ = {isa = PBXBuildFile; fileRef = 7FDFF95F24F10EA50086A21C /* ResultListController.swift */; };
		7FDFF96224F110860086A21C /* ResultListViewModel.swift in Sources */ = {isa = PBXBuildFile; fileRef = 7FDFF96124F110860086A21C /* ResultListViewModel.swift */; };
		7FDFF96524F114D20086A21C /* Photo.swift in Sources */ = {isa = PBXBuildFile; fileRef = 7FDFF96424F114D20086A21C /* Photo.swift */; };
		7FDFF96724F11AA70086A21C /* UIView+Ext.swift in Sources */ = {isa = PBXBuildFile; fileRef = 7FDFF96624F11AA70086A21C /* UIView+Ext.swift */; };
		7FDFF96A24F11AE40086A21C /* Configurable.swift in Sources */ = {isa = PBXBuildFile; fileRef = 7FDFF96924F11AE40086A21C /* Configurable.swift */; };
		7FDFF96C24F11AFC0086A21C /* ViewModel.swift in Sources */ = {isa = PBXBuildFile; fileRef = 7FDFF96B24F11AFB0086A21C /* ViewModel.swift */; };
		7FDFF96E24F11BE50086A21C /* UICollectionViewCell+Ext.swift in Sources */ = {isa = PBXBuildFile; fileRef = 7FDFF96D24F11BE50086A21C /* UICollectionViewCell+Ext.swift */; };
		7FDFF97024F11C970086A21C /* PhotoCell.swift in Sources */ = {isa = PBXBuildFile; fileRef = 7FDFF96F24F11C970086A21C /* PhotoCell.swift */; };
		7FDFF97224F1202F0086A21C /* PhotoCellViewModel.swift in Sources */ = {isa = PBXBuildFile; fileRef = 7FDFF97124F1202F0086A21C /* PhotoCellViewModel.swift */; };
		7FDFF97524F129570086A21C /* Constant.swift in Sources */ = {isa = PBXBuildFile; fileRef = 7FDFF97424F129570086A21C /* Constant.swift */; };
		7FDFF97724F131260086A21C /* ApiManager.swift in Sources */ = {isa = PBXBuildFile; fileRef = 7FDFF97624F131260086A21C /* ApiManager.swift */; };
		7FDFF97D24F159E30086A21C /* Error.swift in Sources */ = {isa = PBXBuildFile; fileRef = 7FDFF97C24F159E30086A21C /* Error.swift */; };
		7FDFF97F24F1785B0086A21C /* LoadingCell.swift in Sources */ = {isa = PBXBuildFile; fileRef = 7FDFF97E24F1785B0086A21C /* LoadingCell.swift */; };
		7FDFF98224F1A4CA0086A21C /* PhotoSearch.xcdatamodeld in Sources */ = {isa = PBXBuildFile; fileRef = 7FDFF98024F1A4CA0086A21C /* PhotoSearch.xcdatamodeld */; };
		7FDFF98424F1A6350086A21C /* LocalStore.swift in Sources */ = {isa = PBXBuildFile; fileRef = 7FDFF98324F1A6350086A21C /* LocalStore.swift */; };
		7FDFF98624F1A7670086A21C /* TabBarController.swift in Sources */ = {isa = PBXBuildFile; fileRef = 7FDFF98524F1A7670086A21C /* TabBarController.swift */; };
		7FDFF98A24F1B0210086A21C /* PhotoListViewModel.swift in Sources */ = {isa = PBXBuildFile; fileRef = 7FDFF98924F1B0210086A21C /* PhotoListViewModel.swift */; };
		7FDFF98C24F1B12D0086A21C /* FavoriteListViewModel.swift in Sources */ = {isa = PBXBuildFile; fileRef = 7FDFF98B24F1B12D0086A21C /* FavoriteListViewModel.swift */; };
		F0B6E8AFE0F34053C76C2B9F /* Pods_PhotoSearch.framework in Frameworks */ = {isa = PBXBuildFile; fileRef = B2208E9B8232AC12DDC6255C /* Pods_PhotoSearch.framework */; };
/* End PBXBuildFile section */

/* Begin PBXContainerItemProxy section */
		7F976BC224F033EB00AC923E /* PBXContainerItemProxy */ = {
			isa = PBXContainerItemProxy;
			containerPortal = 7F976BA524F033E600AC923E /* Project object */;
			proxyType = 1;
			remoteGlobalIDString = 7F976BAC24F033E600AC923E;
			remoteInfo = PhotoSearch;
		};
/* End PBXContainerItemProxy section */

/* Begin PBXFileReference section */
		3A276D4EDA933BC38466A3A2 /* Pods_PhotoSearchTests.framework */ = {isa = PBXFileReference; explicitFileType = wrapper.framework; includeInIndex = 0; path = Pods_PhotoSearchTests.framework; sourceTree = BUILT_PRODUCTS_DIR; };
		6BC092540B5E197C799F1995 /* Pods-PhotoSearch.release.xcconfig */ = {isa = PBXFileReference; includeInIndex = 1; lastKnownFileType = text.xcconfig; name = "Pods-PhotoSearch.release.xcconfig"; path = "Target Support Files/Pods-PhotoSearch/Pods-PhotoSearch.release.xcconfig"; sourceTree = "<group>"; };
		768E9D4EFD0830851B0B278D /* Pods-PhotoSearchTests.debug.xcconfig */ = {isa = PBXFileReference; includeInIndex = 1; lastKnownFileType = text.xcconfig; name = "Pods-PhotoSearchTests.debug.xcconfig"; path = "Target Support Files/Pods-PhotoSearchTests/Pods-PhotoSearchTests.debug.xcconfig"; sourceTree = "<group>"; };
		7F976BAD24F033E600AC923E /* PhotoSearch.app */ = {isa = PBXFileReference; explicitFileType = wrapper.application; includeInIndex = 0; path = PhotoSearch.app; sourceTree = BUILT_PRODUCTS_DIR; };
		7F976BB024F033E600AC923E /* AppDelegate.swift */ = {isa = PBXFileReference; lastKnownFileType = sourcecode.swift; path = AppDelegate.swift; sourceTree = "<group>"; };
		7F976BB724F033EA00AC923E /* Assets.xcassets */ = {isa = PBXFileReference; lastKnownFileType = folder.assetcatalog; path = Assets.xcassets; sourceTree = "<group>"; };
		7F976BBA24F033EA00AC923E /* Base */ = {isa = PBXFileReference; lastKnownFileType = file.storyboard; name = Base; path = Base.lproj/LaunchScreen.storyboard; sourceTree = "<group>"; };
		7F976BBC24F033EA00AC923E /* Info.plist */ = {isa = PBXFileReference; lastKnownFileType = text.plist.xml; path = Info.plist; sourceTree = "<group>"; };
		7F976BC124F033EB00AC923E /* PhotoSearchTests.xctest */ = {isa = PBXFileReference; explicitFileType = wrapper.cfbundle; includeInIndex = 0; path = PhotoSearchTests.xctest; sourceTree = BUILT_PRODUCTS_DIR; };
		7F976BC524F033EB00AC923E /* PhotoSearchTests.swift */ = {isa = PBXFileReference; lastKnownFileType = sourcecode.swift; path = PhotoSearchTests.swift; sourceTree = "<group>"; };
		7F976BC724F033EB00AC923E /* Info.plist */ = {isa = PBXFileReference; lastKnownFileType = text.plist.xml; path = Info.plist; sourceTree = "<group>"; };
		7FDFF94F24F039200086A21C /* InputController.swift */ = {isa = PBXFileReference; lastKnownFileType = sourcecode.swift; path = InputController.swift; sourceTree = "<group>"; };
		7FDFF95324F03CA50086A21C /* TextField.swift */ = {isa = PBXFileReference; lastKnownFileType = sourcecode.swift; path = TextField.swift; sourceTree = "<group>"; };
		7FDFF95624F03DCF0086A21C /* UIColor+Ext.swift */ = {isa = PBXFileReference; lastKnownFileType = sourcecode.swift; path = "UIColor+Ext.swift"; sourceTree = "<group>"; };
		7FDFF95B24F105310086A21C /* InputViewModel.swift */ = {isa = PBXFileReference; lastKnownFileType = sourcecode.swift; path = InputViewModel.swift; sourceTree = "<group>"; };
		7FDFF95D24F109EF0086A21C /* Button.swift */ = {isa = PBXFileReference; lastKnownFileType = sourcecode.swift; path = Button.swift; sourceTree = "<group>"; };
		7FDFF95F24F10EA50086A21C /* ResultListController.swift */ = {isa = PBXFileReference; lastKnownFileType = sourcecode.swift; path = ResultListController.swift; sourceTree = "<group>"; };
		7FDFF96124F110860086A21C /* ResultListViewModel.swift */ = {isa = PBXFileReference; lastKnownFileType = sourcecode.swift; path = ResultListViewModel.swift; sourceTree = "<group>"; };
		7FDFF96424F114D20086A21C /* Photo.swift */ = {isa = PBXFileReference; lastKnownFileType = sourcecode.swift; path = Photo.swift; sourceTree = "<group>"; };
		7FDFF96624F11AA70086A21C /* UIView+Ext.swift */ = {isa = PBXFileReference; lastKnownFileType = sourcecode.swift; path = "UIView+Ext.swift"; sourceTree = "<group>"; };
		7FDFF96924F11AE40086A21C /* Configurable.swift */ = {isa = PBXFileReference; lastKnownFileType = sourcecode.swift; path = Configurable.swift; sourceTree = "<group>"; };
		7FDFF96B24F11AFB0086A21C /* ViewModel.swift */ = {isa = PBXFileReference; lastKnownFileType = sourcecode.swift; path = ViewModel.swift; sourceTree = "<group>"; };
		7FDFF96D24F11BE50086A21C /* UICollectionViewCell+Ext.swift */ = {isa = PBXFileReference; lastKnownFileType = sourcecode.swift; path = "UICollectionViewCell+Ext.swift"; sourceTree = "<group>"; };
		7FDFF96F24F11C970086A21C /* PhotoCell.swift */ = {isa = PBXFileReference; lastKnownFileType = sourcecode.swift; path = PhotoCell.swift; sourceTree = "<group>"; };
		7FDFF97124F1202F0086A21C /* PhotoCellViewModel.swift */ = {isa = PBXFileReference; lastKnownFileType = sourcecode.swift; path = PhotoCellViewModel.swift; sourceTree = "<group>"; };
		7FDFF97424F129570086A21C /* Constant.swift */ = {isa = PBXFileReference; lastKnownFileType = sourcecode.swift; path = Constant.swift; sourceTree = "<group>"; };
		7FDFF97624F131260086A21C /* ApiManager.swift */ = {isa = PBXFileReference; lastKnownFileType = sourcecode.swift; path = ApiManager.swift; sourceTree = "<group>"; };
		7FDFF97C24F159E30086A21C /* Error.swift */ = {isa = PBXFileReference; lastKnownFileType = sourcecode.swift; path = Error.swift; sourceTree = "<group>"; };
		7FDFF97E24F1785B0086A21C /* LoadingCell.swift */ = {isa = PBXFileReference; lastKnownFileType = sourcecode.swift; path = LoadingCell.swift; sourceTree = "<group>"; };
		7FDFF98124F1A4CA0086A21C /* PhotoSearch.xcdatamodel */ = {isa = PBXFileReference; lastKnownFileType = wrapper.xcdatamodel; path = PhotoSearch.xcdatamodel; sourceTree = "<group>"; };
		7FDFF98324F1A6350086A21C /* LocalStore.swift */ = {isa = PBXFileReference; lastKnownFileType = sourcecode.swift; path = LocalStore.swift; sourceTree = "<group>"; };
		7FDFF98524F1A7670086A21C /* TabBarController.swift */ = {isa = PBXFileReference; lastKnownFileType = sourcecode.swift; path = TabBarController.swift; sourceTree = "<group>"; };
		7FDFF98924F1B0210086A21C /* PhotoListViewModel.swift */ = {isa = PBXFileReference; lastKnownFileType = sourcecode.swift; path = PhotoListViewModel.swift; sourceTree = "<group>"; };
		7FDFF98B24F1B12D0086A21C /* FavoriteListViewModel.swift */ = {isa = PBXFileReference; lastKnownFileType = sourcecode.swift; path = FavoriteListViewModel.swift; sourceTree = "<group>"; };
		9DEC8B308CC8092879BD28CF /* Pods-PhotoSearchTests.release.xcconfig */ = {isa = PBXFileReference; includeInIndex = 1; lastKnownFileType = text.xcconfig; name = "Pods-PhotoSearchTests.release.xcconfig"; path = "Target Support Files/Pods-PhotoSearchTests/Pods-PhotoSearchTests.release.xcconfig"; sourceTree = "<group>"; };
		B2208E9B8232AC12DDC6255C /* Pods_PhotoSearch.framework */ = {isa = PBXFileReference; explicitFileType = wrapper.framework; includeInIndex = 0; path = Pods_PhotoSearch.framework; sourceTree = BUILT_PRODUCTS_DIR; };
		DE5B86D93B90D97F22FC2AA5 /* Pods-PhotoSearch.debug.xcconfig */ = {isa = PBXFileReference; includeInIndex = 1; lastKnownFileType = text.xcconfig; name = "Pods-PhotoSearch.debug.xcconfig"; path = "Target Support Files/Pods-PhotoSearch/Pods-PhotoSearch.debug.xcconfig"; sourceTree = "<group>"; };
/* End PBXFileReference section */

/* Begin PBXFrameworksBuildPhase section */
		7F976BAA24F033E600AC923E /* Frameworks */ = {
			isa = PBXFrameworksBuildPhase;
			buildActionMask = 2147483647;
			files = (
				F0B6E8AFE0F34053C76C2B9F /* Pods_PhotoSearch.framework in Frameworks */,
			);
			runOnlyForDeploymentPostprocessing = 0;
		};
		7F976BBE24F033EB00AC923E /* Frameworks */ = {
			isa = PBXFrameworksBuildPhase;
			buildActionMask = 2147483647;
			files = (
				640C5BE387373CCF780C7558 /* Pods_PhotoSearchTests.framework in Frameworks */,
			);
			runOnlyForDeploymentPostprocessing = 0;
		};
/* End PBXFrameworksBuildPhase section */

/* Begin PBXGroup section */
		138A7BF05650AABF6660FC4B /* Frameworks */ = {
			isa = PBXGroup;
			children = (
				B2208E9B8232AC12DDC6255C /* Pods_PhotoSearch.framework */,
				3A276D4EDA933BC38466A3A2 /* Pods_PhotoSearchTests.framework */,
			);
			name = Frameworks;
			sourceTree = "<group>";
		};
		65400EF5305FE4FA576FE8DB /* Pods */ = {
			isa = PBXGroup;
			children = (
				DE5B86D93B90D97F22FC2AA5 /* Pods-PhotoSearch.debug.xcconfig */,
				6BC092540B5E197C799F1995 /* Pods-PhotoSearch.release.xcconfig */,
				768E9D4EFD0830851B0B278D /* Pods-PhotoSearchTests.debug.xcconfig */,
				9DEC8B308CC8092879BD28CF /* Pods-PhotoSearchTests.release.xcconfig */,
			);
			path = Pods;
			sourceTree = "<group>";
		};
		7F976BA424F033E600AC923E = {
			isa = PBXGroup;
			children = (
				7F976BAF24F033E600AC923E /* PhotoSearch */,
				7F976BC424F033EB00AC923E /* PhotoSearchTests */,
				7F976BAE24F033E600AC923E /* Products */,
				65400EF5305FE4FA576FE8DB /* Pods */,
				138A7BF05650AABF6660FC4B /* Frameworks */,
			);
			sourceTree = "<group>";
		};
		7F976BAE24F033E600AC923E /* Products */ = {
			isa = PBXGroup;
			children = (
				7F976BAD24F033E600AC923E /* PhotoSearch.app */,
				7F976BC124F033EB00AC923E /* PhotoSearchTests.xctest */,
			);
			name = Products;
			sourceTree = "<group>";
		};
		7F976BAF24F033E600AC923E /* PhotoSearch */ = {
			isa = PBXGroup;
			children = (
				7FDFF97324F129430086A21C /* Libraries */,
				7FDFF96824F11ABF0086A21C /* Protocols */,
				7FDFF96324F114C60086A21C /* Models */,
				7FDFF95A24F105140086A21C /* ViewModels */,
				7FDFF95524F03DBF0086A21C /* Extensions */,
				7FDFF95224F03C9A0086A21C /* Views */,
				7FDFF95124F039290086A21C /* Controllers */,
				7F976BB024F033E600AC923E /* AppDelegate.swift */,
				7FDFF98024F1A4CA0086A21C /* PhotoSearch.xcdatamodeld */,
				7F976BB724F033EA00AC923E /* Assets.xcassets */,
				7F976BB924F033EA00AC923E /* LaunchScreen.storyboard */,
				7F976BBC24F033EA00AC923E /* Info.plist */,
			);
			path = PhotoSearch;
			sourceTree = "<group>";
		};
		7F976BC424F033EB00AC923E /* PhotoSearchTests */ = {
			isa = PBXGroup;
			children = (
				7F976BC524F033EB00AC923E /* PhotoSearchTests.swift */,
				7F976BC724F033EB00AC923E /* Info.plist */,
			);
			path = PhotoSearchTests;
			sourceTree = "<group>";
		};
		7FDFF95124F039290086A21C /* Controllers */ = {
			isa = PBXGroup;
			children = (
				7FDFF94F24F039200086A21C /* InputController.swift */,
				7FDFF95F24F10EA50086A21C /* ResultListController.swift */,
				7FDFF98524F1A7670086A21C /* TabBarController.swift */,
			);
			path = Controllers;
			sourceTree = "<group>";
		};
		7FDFF95224F03C9A0086A21C /* Views */ = {
			isa = PBXGroup;
			children = (
				7FDFF95324F03CA50086A21C /* TextField.swift */,
				7FDFF95D24F109EF0086A21C /* Button.swift */,
				7FDFF96F24F11C970086A21C /* PhotoCell.swift */,
				7FDFF97E24F1785B0086A21C /* LoadingCell.swift */,
			);
			path = Views;
			sourceTree = "<group>";
		};
		7FDFF95524F03DBF0086A21C /* Extensions */ = {
			isa = PBXGroup;
			children = (
				7FDFF95624F03DCF0086A21C /* UIColor+Ext.swift */,
				7FDFF96624F11AA70086A21C /* UIView+Ext.swift */,
				7FDFF96D24F11BE50086A21C /* UICollectionViewCell+Ext.swift */,
			);
			path = Extensions;
			sourceTree = "<group>";
		};
		7FDFF95A24F105140086A21C /* ViewModels */ = {
			isa = PBXGroup;
			children = (
				7FDFF95B24F105310086A21C /* InputViewModel.swift */,
				7FDFF96124F110860086A21C /* ResultListViewModel.swift */,
				7FDFF98B24F1B12D0086A21C /* FavoriteListViewModel.swift */,
				7FDFF97124F1202F0086A21C /* PhotoCellViewModel.swift */,
			);
			path = ViewModels;
			sourceTree = "<group>";
		};
		7FDFF96324F114C60086A21C /* Models */ = {
			isa = PBXGroup;
			children = (
				7FDFF96424F114D20086A21C /* Photo.swift */,
				7FDFF97C24F159E30086A21C /* Error.swift */,
			);
			path = Models;
			sourceTree = "<group>";
		};
		7FDFF96824F11ABF0086A21C /* Protocols */ = {
			isa = PBXGroup;
			children = (
				7FDFF96924F11AE40086A21C /* Configurable.swift */,
				7FDFF96B24F11AFB0086A21C /* ViewModel.swift */,
				7FDFF98924F1B0210086A21C /* PhotoListViewModel.swift */,
			);
			path = Protocols;
			sourceTree = "<group>";
		};
		7FDFF97324F129430086A21C /* Libraries */ = {
			isa = PBXGroup;
			children = (
				7FDFF97424F129570086A21C /* Constant.swift */,
				7FDFF97624F131260086A21C /* ApiManager.swift */,
				7FDFF98324F1A6350086A21C /* LocalStore.swift */,
			);
			path = Libraries;
			sourceTree = "<group>";
		};
/* End PBXGroup section */

/* Begin PBXNativeTarget section */
		7F976BAC24F033E600AC923E /* PhotoSearch */ = {
			isa = PBXNativeTarget;
			buildConfigurationList = 7F976BCA24F033EB00AC923E /* Build configuration list for PBXNativeTarget "PhotoSearch" */;
			buildPhases = (
				A34CA97AD4E2DC0953C05C40 /* [CP] Check Pods Manifest.lock */,
				7F976BA924F033E600AC923E /* Sources */,
				7F976BAA24F033E600AC923E /* Frameworks */,
				7F976BAB24F033E600AC923E /* Resources */,
				7FAE4126677A712301F3D47D /* [CP] Embed Pods Frameworks */,
			);
			buildRules = (
			);
			dependencies = (
			);
			name = PhotoSearch;
			productName = PhotoSearch;
			productReference = 7F976BAD24F033E600AC923E /* PhotoSearch.app */;
			productType = "com.apple.product-type.application";
		};
		7F976BC024F033EB00AC923E /* PhotoSearchTests */ = {
			isa = PBXNativeTarget;
			buildConfigurationList = 7F976BCD24F033EB00AC923E /* Build configuration list for PBXNativeTarget "PhotoSearchTests" */;
			buildPhases = (
				203E81DA7876CDF2D0D0A257 /* [CP] Check Pods Manifest.lock */,
				7F976BBD24F033EB00AC923E /* Sources */,
				7F976BBE24F033EB00AC923E /* Frameworks */,
				7F976BBF24F033EB00AC923E /* Resources */,
				78ABD15B3B8BDEF39550EC93 /* [CP] Embed Pods Frameworks */,
			);
			buildRules = (
			);
			dependencies = (
				7F976BC324F033EB00AC923E /* PBXTargetDependency */,
			);
			name = PhotoSearchTests;
			productName = PhotoSearchTests;
			productReference = 7F976BC124F033EB00AC923E /* PhotoSearchTests.xctest */;
			productType = "com.apple.product-type.bundle.unit-test";
		};
/* End PBXNativeTarget section */

/* Begin PBXProject section */
		7F976BA524F033E600AC923E /* Project object */ = {
			isa = PBXProject;
			attributes = {
				LastSwiftUpdateCheck = 1030;
				LastUpgradeCheck = 1030;
				ORGANIZATIONNAME = "Aries Yang";
				TargetAttributes = {
					7F976BAC24F033E600AC923E = {
						CreatedOnToolsVersion = 10.3;
					};
					7F976BC024F033EB00AC923E = {
						CreatedOnToolsVersion = 10.3;
						TestTargetID = 7F976BAC24F033E600AC923E;
					};
				};
			};
			buildConfigurationList = 7F976BA824F033E600AC923E /* Build configuration list for PBXProject "PhotoSearch" */;
			compatibilityVersion = "Xcode 9.3";
			developmentRegion = en;
			hasScannedForEncodings = 0;
			knownRegions = (
				en,
				Base,
			);
			mainGroup = 7F976BA424F033E600AC923E;
			productRefGroup = 7F976BAE24F033E600AC923E /* Products */;
			projectDirPath = "";
			projectRoot = "";
			targets = (
				7F976BAC24F033E600AC923E /* PhotoSearch */,
				7F976BC024F033EB00AC923E /* PhotoSearchTests */,
			);
		};
/* End PBXProject section */

/* Begin PBXResourcesBuildPhase section */
		7F976BAB24F033E600AC923E /* Resources */ = {
			isa = PBXResourcesBuildPhase;
			buildActionMask = 2147483647;
			files = (
				7F976BBB24F033EA00AC923E /* LaunchScreen.storyboard in Resources */,
				7F976BB824F033EA00AC923E /* Assets.xcassets in Resources */,
			);
			runOnlyForDeploymentPostprocessing = 0;
		};
		7F976BBF24F033EB00AC923E /* Resources */ = {
			isa = PBXResourcesBuildPhase;
			buildActionMask = 2147483647;
			files = (
			);
			runOnlyForDeploymentPostprocessing = 0;
		};
/* End PBXResourcesBuildPhase section */

/* Begin PBXShellScriptBuildPhase section */
		203E81DA7876CDF2D0D0A257 /* [CP] Check Pods Manifest.lock */ = {
			isa = PBXShellScriptBuildPhase;
			buildActionMask = 2147483647;
			files = (
			);
			inputFileListPaths = (
			);
			inputPaths = (
				"${PODS_PODFILE_DIR_PATH}/Podfile.lock",
				"${PODS_ROOT}/Manifest.lock",
			);
			name = "[CP] Check Pods Manifest.lock";
			outputFileListPaths = (
			);
			outputPaths = (
				"$(DERIVED_FILE_DIR)/Pods-PhotoSearchTests-checkManifestLockResult.txt",
			);
			runOnlyForDeploymentPostprocessing = 0;
			shellPath = /bin/sh;
			shellScript = "diff \"${PODS_PODFILE_DIR_PATH}/Podfile.lock\" \"${PODS_ROOT}/Manifest.lock\" > /dev/null\nif [ $? != 0 ] ; then\n    # print error to STDERR\n    echo \"error: The sandbox is not in sync with the Podfile.lock. Run 'pod install' or update your CocoaPods installation.\" >&2\n    exit 1\nfi\n# This output is used by Xcode 'outputs' to avoid re-running this script phase.\necho \"SUCCESS\" > \"${SCRIPT_OUTPUT_FILE_0}\"\n";
			showEnvVarsInLog = 0;
		};
		78ABD15B3B8BDEF39550EC93 /* [CP] Embed Pods Frameworks */ = {
			isa = PBXShellScriptBuildPhase;
			buildActionMask = 2147483647;
			files = (
			);
			inputFileListPaths = (
				"${PODS_ROOT}/Target Support Files/Pods-PhotoSearchTests/Pods-PhotoSearchTests-frameworks-${CONFIGURATION}-input-files.xcfilelist",
			);
			name = "[CP] Embed Pods Frameworks";
			outputFileListPaths = (
				"${PODS_ROOT}/Target Support Files/Pods-PhotoSearchTests/Pods-PhotoSearchTests-frameworks-${CONFIGURATION}-output-files.xcfilelist",
			);
			runOnlyForDeploymentPostprocessing = 0;
			shellPath = /bin/sh;
			shellScript = "\"${PODS_ROOT}/Target Support Files/Pods-PhotoSearchTests/Pods-PhotoSearchTests-frameworks.sh\"\n";
			showEnvVarsInLog = 0;
		};
		7FAE4126677A712301F3D47D /* [CP] Embed Pods Frameworks */ = {
			isa = PBXShellScriptBuildPhase;
			buildActionMask = 2147483647;
			files = (
			);
			inputFileListPaths = (
				"${PODS_ROOT}/Target Support Files/Pods-PhotoSearch/Pods-PhotoSearch-frameworks-${CONFIGURATION}-input-files.xcfilelist",
			);
			name = "[CP] Embed Pods Frameworks";
			outputFileListPaths = (
				"${PODS_ROOT}/Target Support Files/Pods-PhotoSearch/Pods-PhotoSearch-frameworks-${CONFIGURATION}-output-files.xcfilelist",
			);
			runOnlyForDeploymentPostprocessing = 0;
			shellPath = /bin/sh;
			shellScript = "\"${PODS_ROOT}/Target Support Files/Pods-PhotoSearch/Pods-PhotoSearch-frameworks.sh\"\n";
			showEnvVarsInLog = 0;
		};
		A34CA97AD4E2DC0953C05C40 /* [CP] Check Pods Manifest.lock */ = {
			isa = PBXShellScriptBuildPhase;
			buildActionMask = 2147483647;
			files = (
			);
			inputFileListPaths = (
			);
			inputPaths = (
				"${PODS_PODFILE_DIR_PATH}/Podfile.lock",
				"${PODS_ROOT}/Manifest.lock",
			);
			name = "[CP] Check Pods Manifest.lock";
			outputFileListPaths = (
			);
			outputPaths = (
				"$(DERIVED_FILE_DIR)/Pods-PhotoSearch-checkManifestLockResult.txt",
			);
			runOnlyForDeploymentPostprocessing = 0;
			shellPath = /bin/sh;
			shellScript = "diff \"${PODS_PODFILE_DIR_PATH}/Podfile.lock\" \"${PODS_ROOT}/Manifest.lock\" > /dev/null\nif [ $? != 0 ] ; then\n    # print error to STDERR\n    echo \"error: The sandbox is not in sync with the Podfile.lock. Run 'pod install' or update your CocoaPods installation.\" >&2\n    exit 1\nfi\n# This output is used by Xcode 'outputs' to avoid re-running this script phase.\necho \"SUCCESS\" > \"${SCRIPT_OUTPUT_FILE_0}\"\n";
			showEnvVarsInLog = 0;
		};
/* End PBXShellScriptBuildPhase section */

/* Begin PBXSourcesBuildPhase section */
		7F976BA924F033E600AC923E /* Sources */ = {
			isa = PBXSourcesBuildPhase;
			buildActionMask = 2147483647;
			files = (
				7FDFF97024F11C970086A21C /* PhotoCell.swift in Sources */,
				7FDFF95424F03CA50086A21C /* TextField.swift in Sources */,
				7FDFF95E24F109EF0086A21C /* Button.swift in Sources */,
				7FDFF97524F129570086A21C /* Constant.swift in Sources */,
				7FDFF96724F11AA70086A21C /* UIView+Ext.swift in Sources */,
				7FDFF95724F03DCF0086A21C /* UIColor+Ext.swift in Sources */,
				7FDFF96524F114D20086A21C /* Photo.swift in Sources */,
				7FDFF96A24F11AE40086A21C /* Configurable.swift in Sources */,
				7FDFF98424F1A6350086A21C /* LocalStore.swift in Sources */,
				7FDFF96E24F11BE50086A21C /* UICollectionViewCell+Ext.swift in Sources */,
				7FDFF96224F110860086A21C /* ResultListViewModel.swift in Sources */,
				7FDFF95024F039200086A21C /* InputController.swift in Sources */,
				7FDFF98A24F1B0210086A21C /* PhotoListViewModel.swift in Sources */,
				7F976BB124F033E600AC923E /* AppDelegate.swift in Sources */,
				7FDFF98624F1A7670086A21C /* TabBarController.swift in Sources */,
				7FDFF98224F1A4CA0086A21C /* PhotoSearch.xcdatamodeld in Sources */,
				7FDFF96024F10EA50086A21C /* ResultListController.swift in Sources */,
				7FDFF97224F1202F0086A21C /* PhotoCellViewModel.swift in Sources */,
				7FDFF97724F131260086A21C /* ApiManager.swift in Sources */,
				7FDFF96C24F11AFC0086A21C /* ViewModel.swift in Sources */,
				7FDFF97D24F159E30086A21C /* Error.swift in Sources */,
				7FDFF98C24F1B12D0086A21C /* FavoriteListViewModel.swift in Sources */,
				7FDFF95C24F105310086A21C /* InputViewModel.swift in Sources */,
				7FDFF97F24F1785B0086A21C /* LoadingCell.swift in Sources */,
			);
			runOnlyForDeploymentPostprocessing = 0;
		};
		7F976BBD24F033EB00AC923E /* Sources */ = {
			isa = PBXSourcesBuildPhase;
			buildActionMask = 2147483647;
			files = (
				7F976BC624F033EB00AC923E /* PhotoSearchTests.swift in Sources */,
			);
			runOnlyForDeploymentPostprocessing = 0;
		};
/* End PBXSourcesBuildPhase section */

/* Begin PBXTargetDependency section */
		7F976BC324F033EB00AC923E /* PBXTargetDependency */ = {
			isa = PBXTargetDependency;
			target = 7F976BAC24F033E600AC923E /* PhotoSearch */;
			targetProxy = 7F976BC224F033EB00AC923E /* PBXContainerItemProxy */;
		};
/* End PBXTargetDependency section */

/* Begin PBXVariantGroup section */
		7F976BB924F033EA00AC923E /* LaunchScreen.storyboard */ = {
			isa = PBXVariantGroup;
			children = (
				7F976BBA24F033EA00AC923E /* Base */,
			);
			name = LaunchScreen.storyboard;
			sourceTree = "<group>";
		};
/* End PBXVariantGroup section */

/* Begin XCBuildConfiguration section */
		7F976BC824F033EB00AC923E /* Debug */ = {
			isa = XCBuildConfiguration;
			buildSettings = {
				ALWAYS_EMBED_SWIFT_STANDARD_LIBRARIES = "$(inherited)";
				ALWAYS_SEARCH_USER_PATHS = NO;
				CLANG_ANALYZER_NONNULL = YES;
				CLANG_ANALYZER_NUMBER_OBJECT_CONVERSION = YES_AGGRESSIVE;
				CLANG_CXX_LANGUAGE_STANDARD = "gnu++14";
				CLANG_CXX_LIBRARY = "libc++";
				CLANG_ENABLE_MODULES = YES;
				CLANG_ENABLE_OBJC_ARC = YES;
				CLANG_ENABLE_OBJC_WEAK = YES;
				CLANG_WARN_BLOCK_CAPTURE_AUTORELEASING = YES;
				CLANG_WARN_BOOL_CONVERSION = YES;
				CLANG_WARN_COMMA = YES;
				CLANG_WARN_CONSTANT_CONVERSION = YES;
				CLANG_WARN_DEPRECATED_OBJC_IMPLEMENTATIONS = YES;
				CLANG_WARN_DIRECT_OBJC_ISA_USAGE = YES_ERROR;
				CLANG_WARN_DOCUMENTATION_COMMENTS = YES;
				CLANG_WARN_EMPTY_BODY = YES;
				CLANG_WARN_ENUM_CONVERSION = YES;
				CLANG_WARN_INFINITE_RECURSION = YES;
				CLANG_WARN_INT_CONVERSION = YES;
				CLANG_WARN_NON_LITERAL_NULL_CONVERSION = YES;
				CLANG_WARN_OBJC_IMPLICIT_RETAIN_SELF = YES;
				CLANG_WARN_OBJC_LITERAL_CONVERSION = YES;
				CLANG_WARN_OBJC_ROOT_CLASS = YES_ERROR;
				CLANG_WARN_RANGE_LOOP_ANALYSIS = YES;
				CLANG_WARN_STRICT_PROTOTYPES = YES;
				CLANG_WARN_SUSPICIOUS_MOVE = YES;
				CLANG_WARN_UNGUARDED_AVAILABILITY = YES_AGGRESSIVE;
				CLANG_WARN_UNREACHABLE_CODE = YES;
				CLANG_WARN__DUPLICATE_METHOD_MATCH = YES;
				CODE_SIGN_IDENTITY = "iPhone Developer";
				COPY_PHASE_STRIP = NO;
				DEBUG_INFORMATION_FORMAT = dwarf;
				ENABLE_STRICT_OBJC_MSGSEND = YES;
				ENABLE_TESTABILITY = YES;
				GCC_C_LANGUAGE_STANDARD = gnu11;
				GCC_DYNAMIC_NO_PIC = NO;
				GCC_NO_COMMON_BLOCKS = YES;
				GCC_OPTIMIZATION_LEVEL = 0;
				GCC_PREPROCESSOR_DEFINITIONS = (
					"DEBUG=1",
					"$(inherited)",
				);
				GCC_WARN_64_TO_32_BIT_CONVERSION = YES;
				GCC_WARN_ABOUT_RETURN_TYPE = YES_ERROR;
				GCC_WARN_UNDECLARED_SELECTOR = YES;
				GCC_WARN_UNINITIALIZED_AUTOS = YES_AGGRESSIVE;
				GCC_WARN_UNUSED_FUNCTION = YES;
				GCC_WARN_UNUSED_VARIABLE = YES;
				IPHONEOS_DEPLOYMENT_TARGET = 12.4;
				MTL_ENABLE_DEBUG_INFO = INCLUDE_SOURCE;
				MTL_FAST_MATH = YES;
				ONLY_ACTIVE_ARCH = YES;
				SDKROOT = iphoneos;
				SWIFT_ACTIVE_COMPILATION_CONDITIONS = DEBUG;
				SWIFT_OPTIMIZATION_LEVEL = "-Onone";
			};
			name = Debug;
		};
		7F976BC924F033EB00AC923E /* Release */ = {
			isa = XCBuildConfiguration;
			buildSettings = {
				ALWAYS_EMBED_SWIFT_STANDARD_LIBRARIES = "$(inherited)";
				ALWAYS_SEARCH_USER_PATHS = NO;
				CLANG_ANALYZER_NONNULL = YES;
				CLANG_ANALYZER_NUMBER_OBJECT_CONVERSION = YES_AGGRESSIVE;
				CLANG_CXX_LANGUAGE_STANDARD = "gnu++14";
				CLANG_CXX_LIBRARY = "libc++";
				CLANG_ENABLE_MODULES = YES;
				CLANG_ENABLE_OBJC_ARC = YES;
				CLANG_ENABLE_OBJC_WEAK = YES;
				CLANG_WARN_BLOCK_CAPTURE_AUTORELEASING = YES;
				CLANG_WARN_BOOL_CONVERSION = YES;
				CLANG_WARN_COMMA = YES;
				CLANG_WARN_CONSTANT_CONVERSION = YES;
				CLANG_WARN_DEPRECATED_OBJC_IMPLEMENTATIONS = YES;
				CLANG_WARN_DIRECT_OBJC_ISA_USAGE = YES_ERROR;
				CLANG_WARN_DOCUMENTATION_COMMENTS = YES;
				CLANG_WARN_EMPTY_BODY = YES;
				CLANG_WARN_ENUM_CONVERSION = YES;
				CLANG_WARN_INFINITE_RECURSION = YES;
				CLANG_WARN_INT_CONVERSION = YES;
				CLANG_WARN_NON_LITERAL_NULL_CONVERSION = YES;
				CLANG_WARN_OBJC_IMPLICIT_RETAIN_SELF = YES;
				CLANG_WARN_OBJC_LITERAL_CONVERSION = YES;
				CLANG_WARN_OBJC_ROOT_CLASS = YES_ERROR;
				CLANG_WARN_RANGE_LOOP_ANALYSIS = YES;
				CLANG_WARN_STRICT_PROTOTYPES = YES;
				CLANG_WARN_SUSPICIOUS_MOVE = YES;
				CLANG_WARN_UNGUARDED_AVAILABILITY = YES_AGGRESSIVE;
				CLANG_WARN_UNREACHABLE_CODE = YES;
				CLANG_WARN__DUPLICATE_METHOD_MATCH = YES;
				CODE_SIGN_IDENTITY = "iPhone Developer";
				COPY_PHASE_STRIP = NO;
				DEBUG_INFORMATION_FORMAT = "dwarf-with-dsym";
				ENABLE_NS_ASSERTIONS = NO;
				ENABLE_STRICT_OBJC_MSGSEND = YES;
				GCC_C_LANGUAGE_STANDARD = gnu11;
				GCC_NO_COMMON_BLOCKS = YES;
				GCC_WARN_64_TO_32_BIT_CONVERSION = YES;
				GCC_WARN_ABOUT_RETURN_TYPE = YES_ERROR;
				GCC_WARN_UNDECLARED_SELECTOR = YES;
				GCC_WARN_UNINITIALIZED_AUTOS = YES_AGGRESSIVE;
				GCC_WARN_UNUSED_FUNCTION = YES;
				GCC_WARN_UNUSED_VARIABLE = YES;
				IPHONEOS_DEPLOYMENT_TARGET = 12.4;
				MTL_ENABLE_DEBUG_INFO = NO;
				MTL_FAST_MATH = YES;
				SDKROOT = iphoneos;
				SWIFT_COMPILATION_MODE = wholemodule;
				SWIFT_OPTIMIZATION_LEVEL = "-O";
				VALIDATE_PRODUCT = YES;
			};
			name = Release;
		};
		7F976BCB24F033EB00AC923E /* Debug */ = {
			isa = XCBuildConfiguration;
			baseConfigurationReference = DE5B86D93B90D97F22FC2AA5 /* Pods-PhotoSearch.debug.xcconfig */;
			buildSettings = {
				ALWAYS_EMBED_SWIFT_STANDARD_LIBRARIES = "$(inherited)";
				ASSETCATALOG_COMPILER_APPICON_NAME = AppIcon;
				CODE_SIGN_STYLE = Automatic;
				DEVELOPMENT_TEAM = 3VX9S93JFQ;
				INFOPLIST_FILE = PhotoSearch/Info.plist;
				LD_RUNPATH_SEARCH_PATHS = (
					"$(inherited)",
					"@executable_path/Frameworks",
				);
				PRODUCT_BUNDLE_IDENTIFIER = com.aysoft.PhotoSearch;
				PRODUCT_NAME = "$(TARGET_NAME)";
				SWIFT_VERSION = 5.0;
				TARGETED_DEVICE_FAMILY = "1,2";
			};
			name = Debug;
		};
		7F976BCC24F033EB00AC923E /* Release */ = {
			isa = XCBuildConfiguration;
			baseConfigurationReference = 6BC092540B5E197C799F1995 /* Pods-PhotoSearch.release.xcconfig */;
			buildSettings = {
				ALWAYS_EMBED_SWIFT_STANDARD_LIBRARIES = "$(inherited)";
				ASSETCATALOG_COMPILER_APPICON_NAME = AppIcon;
				CODE_SIGN_STYLE = Automatic;
				DEVELOPMENT_TEAM = 3VX9S93JFQ;
				INFOPLIST_FILE = PhotoSearch/Info.plist;
				LD_RUNPATH_SEARCH_PATHS = (
					"$(inherited)",
					"@executable_path/Frameworks",
				);
				PRODUCT_BUNDLE_IDENTIFIER = com.aysoft.PhotoSearch;
				PRODUCT_NAME = "$(TARGET_NAME)";
				SWIFT_VERSION = 5.0;
				TARGETED_DEVICE_FAMILY = "1,2";
			};
			name = Release;
		};
		7F976BCE24F033EB00AC923E /* Debug */ = {
			isa = XCBuildConfiguration;
			baseConfigurationReference = 768E9D4EFD0830851B0B278D /* Pods-PhotoSearchTests.debug.xcconfig */;
			buildSettings = {
				ALWAYS_EMBED_SWIFT_STANDARD_LIBRARIES = "$(inherited)";
				BUNDLE_LOADER = "$(TEST_HOST)";
				CODE_SIGN_STYLE = Automatic;
				DEVELOPMENT_TEAM = 3VX9S93JFQ;
				INFOPLIST_FILE = PhotoSearchTests/Info.plist;
				LD_RUNPATH_SEARCH_PATHS = (
					"$(inherited)",
					"@executable_path/Frameworks",
					"@loader_path/Frameworks",
				);
				PRODUCT_BUNDLE_IDENTIFIER = com.aysoft.PhotoSearchTests;
				PRODUCT_NAME = "$(TARGET_NAME)";
				SWIFT_VERSION = 5.0;
				TARGETED_DEVICE_FAMILY = "1,2";
				TEST_HOST = "$(BUILT_PRODUCTS_DIR)/PhotoSearch.app/PhotoSearch";
			};
			name = Debug;
		};
		7F976BCF24F033EB00AC923E /* Release */ = {
			isa = XCBuildConfiguration;
			baseConfigurationReference = 9DEC8B308CC8092879BD28CF /* Pods-PhotoSearchTests.release.xcconfig */;
			buildSettings = {
				ALWAYS_EMBED_SWIFT_STANDARD_LIBRARIES = "$(inherited)";
				BUNDLE_LOADER = "$(TEST_HOST)";
				CODE_SIGN_STYLE = Automatic;
				DEVELOPMENT_TEAM = 3VX9S93JFQ;
				INFOPLIST_FILE = PhotoSearchTests/Info.plist;
				LD_RUNPATH_SEARCH_PATHS = (
					"$(inherited)",
					"@executable_path/Frameworks",
					"@loader_path/Frameworks",
				);
				PRODUCT_BUNDLE_IDENTIFIER = com.aysoft.PhotoSearchTests;
				PRODUCT_NAME = "$(TARGET_NAME)";
				SWIFT_VERSION = 5.0;
				TARGETED_DEVICE_FAMILY = "1,2";
				TEST_HOST = "$(BUILT_PRODUCTS_DIR)/PhotoSearch.app/PhotoSearch";
			};
			name = Release;
		};
/* End XCBuildConfiguration section */

/* Begin XCConfigurationList section */
		7F976BA824F033E600AC923E /* Build configuration list for PBXProject "PhotoSearch" */ = {
			isa = XCConfigurationList;
			buildConfigurations = (
				7F976BC824F033EB00AC923E /* Debug */,
				7F976BC924F033EB00AC923E /* Release */,
			);
			defaultConfigurationIsVisible = 0;
			defaultConfigurationName = Release;
		};
		7F976BCA24F033EB00AC923E /* Build configuration list for PBXNativeTarget "PhotoSearch" */ = {
			isa = XCConfigurationList;
			buildConfigurations = (
				7F976BCB24F033EB00AC923E /* Debug */,
				7F976BCC24F033EB00AC923E /* Release */,
			);
			defaultConfigurationIsVisible = 0;
			defaultConfigurationName = Release;
		};
		7F976BCD24F033EB00AC923E /* Build configuration list for PBXNativeTarget "PhotoSearchTests" */ = {
			isa = XCConfigurationList;
			buildConfigurations = (
				7F976BCE24F033EB00AC923E /* Debug */,
				7F976BCF24F033EB00AC923E /* Release */,
			);
			defaultConfigurationIsVisible = 0;
			defaultConfigurationName = Release;
		};
/* End XCConfigurationList section */

/* Begin XCVersionGroup section */
		7FDFF98024F1A4CA0086A21C /* PhotoSearch.xcdatamodeld */ = {
			isa = XCVersionGroup;
			children = (
				7FDFF98124F1A4CA0086A21C /* PhotoSearch.xcdatamodel */,
			);
			currentVersion = 7FDFF98124F1A4CA0086A21C /* PhotoSearch.xcdatamodel */;
			path = PhotoSearch.xcdatamodeld;
			sourceTree = "<group>";
			versionGroupType = wrapper.xcdatamodel;
		};
/* End XCVersionGroup section */
	};
	rootObject = 7F976BA524F033E600AC923E /* Project object */;
}
